
Microsoft Visual Studio Solution File, Format Version 12.00
# Visual Studio 15
VisualStudioVersion = 15.0.27703.2035
MinimumVisualStudioVersion = 10.0.40219.1
Project("{FAE04EC0-301F-11D3-BF4B-00C04F79EFBC}") = "Salutem", "Salutem\Salutem.csproj", "{70F8F5F3-9339-415B-9731-6E10E3EF4E15}"
EndProject
Project("{FAE04EC0-301F-11D3-BF4B-00C04F79EFBC}") = "SalutemBusiness", "SalutemBusiness\SalutemBusiness.csproj", "{16A62784-8BC0-4A12-BFC0-F3459A8FC832}"
EndProject
Project("{FAE04EC0-301F-11D3-BF4B-00C04F79EFBC}") = "SalutemData", "SalutemData\SalutemData.csproj", "{3FAB77D4-29A6-4B36-879A-5CBDC145EFC6}"
EndProject
Project("{FAE04EC0-301F-11D3-BF4B-00C04F79EFBC}") = "SalutemDomain", "SalutemDomain\SalutemDomain.csproj", "{808EE1EB-1ABE-43DD-AE72-58AFD0E2EFCD}"
EndProject
Global
	GlobalSection(SolutionConfigurationPlatforms) = preSolution
		Debug|Any CPU = Debug|Any CPU
		Release|Any CPU = Release|Any CPU
	EndGlobalSection
	GlobalSection(ProjectConfigurationPlatforms) = postSolution
		{70F8F5F3-9339-415B-9731-6E10E3EF4E15}.Debug|Any CPU.ActiveCfg = Debug|Any CPU
		{70F8F5F3-9339-415B-9731-6E10E3EF4E15}.Debug|Any CPU.Build.0 = Debug|Any CPU
		{70F8F5F3-9339-415B-9731-6E10E3EF4E15}.Release|Any CPU.ActiveCfg = Release|Any CPU
		{70F8F5F3-9339-415B-9731-6E10E3EF4E15}.Release|Any CPU.Build.0 = Release|Any CPU
		{16A62784-8BC0-4A12-BFC0-F3459A8FC832}.Debug|Any CPU.ActiveCfg = Debug|Any CPU
		{16A62784-8BC0-4A12-BFC0-F3459A8FC832}.Debug|Any CPU.Build.0 = Debug|Any CPU
		{16A62784-8BC0-4A12-BFC0-F3459A8FC832}.Release|Any CPU.ActiveCfg = Release|Any CPU
		{16A62784-8BC0-4A12-BFC0-F3459A8FC832}.Release|Any CPU.Build.0 = Release|Any CPU
		{3FAB77D4-29A6-4B36-879A-5CBDC145EFC6}.Debug|Any CPU.ActiveCfg = Debug|Any CPU
		{3FAB77D4-29A6-4B36-879A-5CBDC145EFC6}.Debug|Any CPU.Build.0 = Debug|Any CPU
		{3FAB77D4-29A6-4B36-879A-5CBDC145EFC6}.Release|Any CPU.ActiveCfg = Release|Any CPU
		{3FAB77D4-29A6-4B36-879A-5CBDC145EFC6}.Release|Any CPU.Build.0 = Release|Any CPU
		{808EE1EB-1ABE-43DD-AE72-58AFD0E2EFCD}.Debug|Any CPU.ActiveCfg = Debug|Any CPU
		{808EE1EB-1ABE-43DD-AE72-58AFD0E2EFCD}.Debug|Any CPU.Build.0 = Debug|Any CPU
		{808EE1EB-1ABE-43DD-AE72-58AFD0E2EFCD}.Release|Any CPU.ActiveCfg = Release|Any CPU
		{808EE1EB-1ABE-43DD-AE72-58AFD0E2EFCD}.Release|Any CPU.Build.0 = Release|Any CPU
	EndGlobalSection
	GlobalSection(SolutionProperties) = preSolution
		HideSolutionNode = FALSE
	EndGlobalSection
	GlobalSection(ExtensibilityGlobals) = postSolution
		SolutionGuid = {425B7F6C-8F65-4955-9706-641EA0449D9F}
	EndGlobalSection
EndGlobal
